
Microsoft Visual Studio Solution File, Format Version 12.00
# Visual Studio Version 17
VisualStudioVersion = 17.5.33414.496
MinimumVisualStudioVersion = 10.0.40219.1
Project("{9A19103F-16F7-4668-BE54-9A1E7A4F7556}") = "csc-digital-web-app", "csc-digital-web-app.csproj", "{3D586CD7-B8FD-4EBB-BA1F-E998696F3EE8}"
EndProject
Global
	GlobalSection(SolutionConfigurationPlatforms) = preSolution
		Debug|Any CPU = Debug|Any CPU
		Release|Any CPU = Release|Any CPU
	EndGlobalSection
	GlobalSection(ProjectConfigurationPlatforms) = postSolution
		{3D586CD7-B8FD-4EBB-BA1F-E998696F3EE8}.Debug|Any CPU.ActiveCfg = Debug|Any CPU
		{3D586CD7-B8FD-4EBB-BA1F-E998696F3EE8}.Debug|Any CPU.Build.0 = Debug|Any CPU
		{3D586CD7-B8FD-4EBB-BA1F-E998696F3EE8}.Release|Any CPU.ActiveCfg = Release|Any CPU
		{3D586CD7-B8FD-4EBB-BA1F-E998696F3EE8}.Release|Any CPU.Build.0 = Release|Any CPU
	EndGlobalSection
	GlobalSection(SolutionProperties) = preSolution
		HideSolutionNode = FALSE
	EndGlobalSection
	GlobalSection(ExtensibilityGlobals) = postSolution
		SolutionGuid = {DF157FA9-8A91-4855-A33E-E4616145B29D}
	EndGlobalSection
EndGlobal
